
Microsoft Visual Studio Solution File, Format Version 12.00
# Visual Studio Version 16
VisualStudioVersion = 16.0.30523.141
MinimumVisualStudioVersion = 10.0.40219.1
Project("{9A19103F-16F7-4668-BE54-9A1E7A4F7556}") = "game", "game\game.csproj", "{E9E355D1-C7D3-4373-A33C-DD428CB42219}"
EndProject
Project("{FAE04EC0-301F-11D3-BF4B-00C04F79EFBC}") = "MonoGameEcs", "MonoGameEcs\MonoGameEcs.csproj", "{44376EAF-34FE-4C32-941C-60369680D6D9}"
EndProject
Global
	GlobalSection(SolutionConfigurationPlatforms) = preSolution
		Debug|Any CPU = Debug|Any CPU
		Release|Any CPU = Release|Any CPU
	EndGlobalSection
	GlobalSection(ProjectConfigurationPlatforms) = postSolution
		{E9E355D1-C7D3-4373-A33C-DD428CB42219}.Debug|Any CPU.ActiveCfg = Debug|Any CPU
		{E9E355D1-C7D3-4373-A33C-DD428CB42219}.Debug|Any CPU.Build.0 = Debug|Any CPU
		{E9E355D1-C7D3-4373-A33C-DD428CB42219}.Release|Any CPU.ActiveCfg = Release|Any CPU
		{E9E355D1-C7D3-4373-A33C-DD428CB42219}.Release|Any CPU.Build.0 = Release|Any CPU
		{44376EAF-34FE-4C32-941C-60369680D6D9}.Debug|Any CPU.ActiveCfg = Debug|Any CPU
		{44376EAF-34FE-4C32-941C-60369680D6D9}.Debug|Any CPU.Build.0 = Debug|Any CPU
		{44376EAF-34FE-4C32-941C-60369680D6D9}.Release|Any CPU.ActiveCfg = Release|Any CPU
		{44376EAF-34FE-4C32-941C-60369680D6D9}.Release|Any CPU.Build.0 = Release|Any CPU
	EndGlobalSection
	GlobalSection(SolutionProperties) = preSolution
		HideSolutionNode = FALSE
	EndGlobalSection
	GlobalSection(ExtensibilityGlobals) = postSolution
		SolutionGuid = {1887E7CC-9180-4FA3-AEBC-B4565CD82323}
	EndGlobalSection
EndGlobal
